
Microsoft Visual Studio Solution File, Format Version 12.00
# Visual Studio 15
VisualStudioVersion = 15.0.28010.2003
MinimumVisualStudioVersion = 10.0.40219.1
Project("{FAE04EC0-301F-11D3-BF4B-00C04F79EFBC}") = "MenuScribe.Android", "MenuScribe\MenuScribe.Android\MenuScribe.Android.csproj", "{776AADBB-67D9-429A-81D5-F2D88DD6C639}"
EndProject
Project("{FAE04EC0-301F-11D3-BF4B-00C04F79EFBC}") = "MenuScribe.iOS", "MenuScribe\MenuScribe.iOS\MenuScribe.iOS.csproj", "{EC869995-D844-4E95-BC66-DCA4C4BDD16D}"
EndProject
Project("{D954291E-2A0B-460D-934E-DC6B0785DB48}") = "MenuScribe", "MenuScribe\MenuScribe\MenuScribe.shproj", "{037E1B1F-748B-400B-96E1-3DCA96F35BC1}"
EndProject
Global
	GlobalSection(SharedMSBuildProjectFiles) = preSolution
		MenuScribe\MenuScribe\MenuScribe.projitems*{037e1b1f-748b-400b-96e1-3dca96f35bc1}*SharedItemsImports = 13
		MenuScribe\MenuScribe\MenuScribe.projitems*{776aadbb-67d9-429a-81d5-f2d88dd6c639}*SharedItemsImports = 4
		MenuScribe\MenuScribe\MenuScribe.projitems*{ec869995-d844-4e95-bc66-dca4c4bdd16d}*SharedItemsImports = 4
	EndGlobalSection
	GlobalSection(SolutionConfigurationPlatforms) = preSolution
		Ad-Hoc|Any CPU = Ad-Hoc|Any CPU
		Ad-Hoc|iPhone = Ad-Hoc|iPhone
		Ad-Hoc|iPhoneSimulator = Ad-Hoc|iPhoneSimulator
		AppStore|Any CPU = AppStore|Any CPU
		AppStore|iPhone = AppStore|iPhone
		AppStore|iPhoneSimulator = AppStore|iPhoneSimulator
		Debug|Any CPU = Debug|Any CPU
		Debug|iPhone = Debug|iPhone
		Debug|iPhoneSimulator = Debug|iPhoneSimulator
		Release|Any CPU = Release|Any CPU
		Release|iPhone = Release|iPhone
		Release|iPhoneSimulator = Release|iPhoneSimulator
	EndGlobalSection
	GlobalSection(ProjectConfigurationPlatforms) = postSolution
		{776AADBB-67D9-429A-81D5-F2D88DD6C639}.Ad-Hoc|Any CPU.ActiveCfg = Release|Any CPU
		{776AADBB-67D9-429A-81D5-F2D88DD6C639}.Ad-Hoc|Any CPU.Build.0 = Release|Any CPU
		{776AADBB-67D9-429A-81D5-F2D88DD6C639}.Ad-Hoc|Any CPU.Deploy.0 = Release|Any CPU
		{776AADBB-67D9-429A-81D5-F2D88DD6C639}.Ad-Hoc|iPhone.ActiveCfg = Release|Any CPU
		{776AADBB-67D9-429A-81D5-F2D88DD6C639}.Ad-Hoc|iPhone.Build.0 = Release|Any CPU
		{776AADBB-67D9-429A-81D5-F2D88DD6C639}.Ad-Hoc|iPhone.Deploy.0 = Release|Any CPU
		{776AADBB-67D9-429A-81D5-F2D88DD6C639}.Ad-Hoc|iPhoneSimulator.ActiveCfg = Release|Any CPU
		{776AADBB-67D9-429A-81D5-F2D88DD6C639}.Ad-Hoc|iPhoneSimulator.Build.0 = Release|Any CPU
		{776AADBB-67D9-429A-81D5-F2D88DD6C639}.Ad-Hoc|iPhoneSimulator.Deploy.0 = Release|Any CPU
		{776AADBB-67D9-429A-81D5-F2D88DD6C639}.AppStore|Any CPU.ActiveCfg = Release|Any CPU
		{776AADBB-67D9-429A-81D5-F2D88DD6C639}.AppStore|Any CPU.Build.0 = Release|Any CPU
		{776AADBB-67D9-429A-81D5-F2D88DD6C639}.AppStore|Any CPU.Deploy.0 = Release|Any CPU
		{776AADBB-67D9-429A-81D5-F2D88DD6C639}.AppStore|iPhone.ActiveCfg = Release|Any CPU
		{776AADBB-67D9-429A-81D5-F2D88DD6C639}.AppStore|iPhone.Build.0 = Release|Any CPU
		{776AADBB-67D9-429A-81D5-F2D88DD6C639}.AppStore|iPhone.Deploy.0 = Release|Any CPU
		{776AADBB-67D9-429A-81D5-F2D88DD6C639}.AppStore|iPhoneSimulator.ActiveCfg = Release|Any CPU
		{776AADBB-67D9-429A-81D5-F2D88DD6C639}.AppStore|iPhoneSimulator.Build.0 = Release|Any CPU
		{776AADBB-67D9-429A-81D5-F2D88DD6C639}.AppStore|iPhoneSimulator.Deploy.0 = Release|Any CPU
		{776AADBB-67D9-429A-81D5-F2D88DD6C639}.Debug|Any CPU.ActiveCfg = Debug|Any CPU
		{776AADBB-67D9-429A-81D5-F2D88DD6C639}.Debug|Any CPU.Build.0 = Debug|Any CPU
		{776AADBB-67D9-429A-81D5-F2D88DD6C639}.Debug|Any CPU.Deploy.0 = Debug|Any CPU
		{776AADBB-67D9-429A-81D5-F2D88DD6C639}.Debug|iPhone.ActiveCfg = Debug|Any CPU
		{776AADBB-67D9-429A-81D5-F2D88DD6C639}.Debug|iPhone.Build.0 = Debug|Any CPU
		{776AADBB-67D9-429A-81D5-F2D88DD6C639}.Debug|iPhone.Deploy.0 = Debug|Any CPU
		{776AADBB-67D9-429A-81D5-F2D88DD6C639}.Debug|iPhoneSimulator.ActiveCfg = Debug|Any CPU
		{776AADBB-67D9-429A-81D5-F2D88DD6C639}.Debug|iPhoneSimulator.Build.0 = Debug|Any CPU
		{776AADBB-67D9-429A-81D5-F2D88DD6C639}.Debug|iPhoneSimulator.Deploy.0 = Debug|Any CPU
		{776AADBB-67D9-429A-81D5-F2D88DD6C639}.Release|Any CPU.ActiveCfg = Release|Any CPU
		{776AADBB-67D9-429A-81D5-F2D88DD6C639}.Release|Any CPU.Build.0 = Release|Any CPU
		{776AADBB-67D9-429A-81D5-F2D88DD6C639}.Release|Any CPU.Deploy.0 = Release|Any CPU
		{776AADBB-67D9-429A-81D5-F2D88DD6C639}.Release|iPhone.ActiveCfg = Release|Any CPU
		{776AADBB-67D9-429A-81D5-F2D88DD6C639}.Release|iPhone.Build.0 = Release|Any CPU
		{776AADBB-67D9-429A-81D5-F2D88DD6C639}.Release|iPhone.Deploy.0 = Release|Any CPU
		{776AADBB-67D9-429A-81D5-F2D88DD6C639}.Release|iPhoneSimulator.ActiveCfg = Release|Any CPU
		{776AADBB-67D9-429A-81D5-F2D88DD6C639}.Release|iPhoneSimulator.Build.0 = Release|Any CPU
		{776AADBB-67D9-429A-81D5-F2D88DD6C639}.Release|iPhoneSimulator.Deploy.0 = Release|Any CPU
		{EC869995-D844-4E95-BC66-DCA4C4BDD16D}.Ad-Hoc|Any CPU.ActiveCfg = Ad-Hoc|iPhone
		{EC869995-D844-4E95-BC66-DCA4C4BDD16D}.Ad-Hoc|Any CPU.Build.0 = Ad-Hoc|iPhone
		{EC869995-D844-4E95-BC66-DCA4C4BDD16D}.Ad-Hoc|Any CPU.Deploy.0 = Ad-Hoc|iPhone
		{EC869995-D844-4E95-BC66-DCA4C4BDD16D}.Ad-Hoc|iPhone.ActiveCfg = Ad-Hoc|iPhone
		{EC869995-D844-4E95-BC66-DCA4C4BDD16D}.Ad-Hoc|iPhone.Build.0 = Ad-Hoc|iPhone
		{EC869995-D844-4E95-BC66-DCA4C4BDD16D}.Ad-Hoc|iPhone.Deploy.0 = Ad-Hoc|iPhone
		{EC869995-D844-4E95-BC66-DCA4C4BDD16D}.Ad-Hoc|iPhoneSimulator.ActiveCfg = Ad-Hoc|iPhoneSimulator
		{EC869995-D844-4E95-BC66-DCA4C4BDD16D}.Ad-Hoc|iPhoneSimulator.Build.0 = Ad-Hoc|iPhoneSimulator
		{EC869995-D844-4E95-BC66-DCA4C4BDD16D}.Ad-Hoc|iPhoneSimulator.Deploy.0 = Ad-Hoc|iPhoneSimulator
		{EC869995-D844-4E95-BC66-DCA4C4BDD16D}.AppStore|Any CPU.ActiveCfg = AppStore|iPhone
		{EC869995-D844-4E95-BC66-DCA4C4BDD16D}.AppStore|Any CPU.Build.0 = AppStore|iPhone
		{EC869995-D844-4E95-BC66-DCA4C4BDD16D}.AppStore|Any CPU.Deploy.0 = AppStore|iPhone
		{EC869995-D844-4E95-BC66-DCA4C4BDD16D}.AppStore|iPhone.ActiveCfg = AppStore|iPhone
		{EC869995-D844-4E95-BC66-DCA4C4BDD16D}.AppStore|iPhone.Build.0 = AppStore|iPhone
		{EC869995-D844-4E95-BC66-DCA4C4BDD16D}.AppStore|iPhone.Deploy.0 = AppStore|iPhone
		{EC869995-D844-4E95-BC66-DCA4C4BDD16D}.AppStore|iPhoneSimulator.ActiveCfg = AppStore|iPhoneSimulator
		{EC869995-D844-4E95-BC66-DCA4C4BDD16D}.AppStore|iPhoneSimulator.Build.0 = AppStore|iPhoneSimulator
		{EC869995-D844-4E95-BC66-DCA4C4BDD16D}.AppStore|iPhoneSimulator.Deploy.0 = AppStore|iPhoneSimulator
		{EC869995-D844-4E95-BC66-DCA4C4BDD16D}.Debug|Any CPU.ActiveCfg = Debug|iPhoneSimulator
		{EC869995-D844-4E95-BC66-DCA4C4BDD16D}.Debug|Any CPU.Build.0 = Debug|iPhoneSimulator
		{EC869995-D844-4E95-BC66-DCA4C4BDD16D}.Debug|Any CPU.Deploy.0 = Debug|iPhoneSimulator
		{EC869995-D844-4E95-BC66-DCA4C4BDD16D}.Debug|iPhone.ActiveCfg = Debug|iPhone
		{EC869995-D844-4E95-BC66-DCA4C4BDD16D}.Debug|iPhone.Build.0 = Debug|iPhone
		{EC869995-D844-4E95-BC66-DCA4C4BDD16D}.Debug|iPhone.Deploy.0 = Debug|iPhone
		{EC869995-D844-4E95-BC66-DCA4C4BDD16D}.Debug|iPhoneSimulator.ActiveCfg = Debug|iPhoneSimulator
		{EC869995-D844-4E95-BC66-DCA4C4BDD16D}.Debug|iPhoneSimulator.Build.0 = Debug|iPhoneSimulator
		{EC869995-D844-4E95-BC66-DCA4C4BDD16D}.Debug|iPhoneSimulator.Deploy.0 = Debug|iPhoneSimulator
		{EC869995-D844-4E95-BC66-DCA4C4BDD16D}.Release|Any CPU.ActiveCfg = Release|iPhone
		{EC869995-D844-4E95-BC66-DCA4C4BDD16D}.Release|Any CPU.Build.0 = Release|iPhone
		{EC869995-D844-4E95-BC66-DCA4C4BDD16D}.Release|Any CPU.Deploy.0 = Release|iPhone
		{EC869995-D844-4E95-BC66-DCA4C4BDD16D}.Release|iPhone.ActiveCfg = Release|iPhone
		{EC869995-D844-4E95-BC66-DCA4C4BDD16D}.Release|iPhone.Build.0 = Release|iPhone
		{EC869995-D844-4E95-BC66-DCA4C4BDD16D}.Release|iPhone.Deploy.0 = Release|iPhone
		{EC869995-D844-4E95-BC66-DCA4C4BDD16D}.Release|iPhoneSimulator.ActiveCfg = Release|iPhoneSimulator
		{EC869995-D844-4E95-BC66-DCA4C4BDD16D}.Release|iPhoneSimulator.Build.0 = Release|iPhoneSimulator
		{EC869995-D844-4E95-BC66-DCA4C4BDD16D}.Release|iPhoneSimulator.Deploy.0 = Release|iPhoneSimulator
	EndGlobalSection
	GlobalSection(SolutionProperties) = preSolution
		HideSolutionNode = FALSE
	EndGlobalSection
	GlobalSection(ExtensibilityGlobals) = postSolution
		SolutionGuid = {3F30EB99-1073-499A-93DA-02AA1FFF96B0}
	EndGlobalSection
EndGlobal
